
Microsoft Visual Studio Solution File, Format Version 12.00
# Visual Studio Version 17
VisualStudioVersion = 17.0.31611.283
MinimumVisualStudioVersion = 10.0.40219.1
Project("{9A19103F-16F7-4668-BE54-9A1E7A4F7556}") = "MongoCompareSync", "src\MongoCompareSync\MongoCompareSync.csproj", "{73F0DF41-3AE5-473B-9963-8960D9988C26}"
EndProject
Project("{FAE04EC0-301F-11D3-BF4B-00C04F79EFBC}") = "TreeView", "src\TreeView\TreeView.csproj", "{4FC7B2E6-8F54-4E0D-B494-2BF64B519F57}"
EndProject
Global
	GlobalSection(SolutionConfigurationPlatforms) = preSolution
		Debug|Any CPU = Debug|Any CPU
		Release|Any CPU = Release|Any CPU
	EndGlobalSection
	GlobalSection(ProjectConfigurationPlatforms) = postSolution
		{73F0DF41-3AE5-473B-9963-8960D9988C26}.Debug|Any CPU.ActiveCfg = Debug|Any CPU
		{73F0DF41-3AE5-473B-9963-8960D9988C26}.Debug|Any CPU.Build.0 = Debug|Any CPU
		{73F0DF41-3AE5-473B-9963-8960D9988C26}.Debug|Any CPU.Deploy.0 = Debug|Any CPU
		{73F0DF41-3AE5-473B-9963-8960D9988C26}.Release|Any CPU.ActiveCfg = Release|Any CPU
		{73F0DF41-3AE5-473B-9963-8960D9988C26}.Release|Any CPU.Build.0 = Release|Any CPU
		{73F0DF41-3AE5-473B-9963-8960D9988C26}.Release|Any CPU.Deploy.0 = Release|Any CPU
		{4FC7B2E6-8F54-4E0D-B494-2BF64B519F57}.Debug|Any CPU.ActiveCfg = Debug|Any CPU
		{4FC7B2E6-8F54-4E0D-B494-2BF64B519F57}.Debug|Any CPU.Build.0 = Debug|Any CPU
		{4FC7B2E6-8F54-4E0D-B494-2BF64B519F57}.Release|Any CPU.ActiveCfg = Release|Any CPU
		{4FC7B2E6-8F54-4E0D-B494-2BF64B519F57}.Release|Any CPU.Build.0 = Release|Any CPU
	EndGlobalSection
	GlobalSection(SolutionProperties) = preSolution
		HideSolutionNode = FALSE
	EndGlobalSection
	GlobalSection(ExtensibilityGlobals) = postSolution
		SolutionGuid = {61F7FB11-1E47-470C-91E2-47F8143E1572}
	EndGlobalSection
EndGlobal
